
Microsoft Visual Studio Solution File, Format Version 12.00
# Visual Studio Version 16
VisualStudioVersion = 16.0.30413.136
MinimumVisualStudioVersion = 10.0.40219.1
Project("{8BC9CEB8-8B4A-11D0-8D11-00A0C91BC942}") = "PS2ImageMaker", "PS2ImageMaker\PS2ImageMaker.vcxproj", "{1E7A9D11-3983-4592-9BF7-4313C1FC894C}"
EndProject
Project("{8BC9CEB8-8B4A-11D0-8D11-00A0C91BC942}") = "Test", "Test\Test.vcxproj", "{1EE3357F-ADB1-4B56-B430-0F337B53FEF4}"
	ProjectSection(ProjectDependencies) = postProject
		{1E7A9D11-3983-4592-9BF7-4313C1FC894C} = {1E7A9D11-3983-4592-9BF7-4313C1FC894C}
	EndProjectSection
EndProject
Global
	GlobalSection(SolutionConfigurationPlatforms) = preSolution
		Debug|x64 = Debug|x64
		Debug|x86 = Debug|x86
		Release|x64 = Release|x64
		Release|x86 = Release|x86
	EndGlobalSection
	GlobalSection(ProjectConfigurationPlatforms) = postSolution
		{1E7A9D11-3983-4592-9BF7-4313C1FC894C}.Debug|x64.ActiveCfg = Debug|x64
		{1E7A9D11-3983-4592-9BF7-4313C1FC894C}.Debug|x64.Build.0 = Debug|x64
		{1E7A9D11-3983-4592-9BF7-4313C1FC894C}.Debug|x86.ActiveCfg = Debug|Win32
		{1E7A9D11-3983-4592-9BF7-4313C1FC894C}.Debug|x86.Build.0 = Debug|Win32
		{1E7A9D11-3983-4592-9BF7-4313C1FC894C}.Release|x64.ActiveCfg = Release|x64
		{1E7A9D11-3983-4592-9BF7-4313C1FC894C}.Release|x64.Build.0 = Release|x64
		{1E7A9D11-3983-4592-9BF7-4313C1FC894C}.Release|x86.ActiveCfg = Release|Win32
		{1E7A9D11-3983-4592-9BF7-4313C1FC894C}.Release|x86.Build.0 = Release|Win32
		{1EE3357F-ADB1-4B56-B430-0F337B53FEF4}.Debug|x64.ActiveCfg = Debug|x64
		{1EE3357F-ADB1-4B56-B430-0F337B53FEF4}.Debug|x64.Build.0 = Debug|x64
		{1EE3357F-ADB1-4B56-B430-0F337B53FEF4}.Debug|x86.ActiveCfg = Debug|Win32
		{1EE3357F-ADB1-4B56-B430-0F337B53FEF4}.Debug|x86.Build.0 = Debug|Win32
		{1EE3357F-ADB1-4B56-B430-0F337B53FEF4}.Release|x64.ActiveCfg = Release|x64
		{1EE3357F-ADB1-4B56-B430-0F337B53FEF4}.Release|x64.Build.0 = Release|x64
		{1EE3357F-ADB1-4B56-B430-0F337B53FEF4}.Release|x86.ActiveCfg = Release|Win32
		{1EE3357F-ADB1-4B56-B430-0F337B53FEF4}.Release|x86.Build.0 = Release|Win32
	EndGlobalSection
	GlobalSection(SolutionProperties) = preSolution
		HideSolutionNode = FALSE
	EndGlobalSection
	GlobalSection(ExtensibilityGlobals) = postSolution
		SolutionGuid = {B898F2EB-E81C-4B0C-8DF1-78966530C519}
	EndGlobalSection
EndGlobal
